
Microsoft Visual Studio Solution File, Format Version 12.00
# Visual Studio 15
VisualStudioVersion = 15.0.28010.2050
MinimumVisualStudioVersion = 10.0.40219.1
Project("{FAE04EC0-301F-11D3-BF4B-00C04F79EFBC}") = "Midterm 1050 Christopher Cesen", "Midterm 1050 Christopher Cesen\Midterm 1050 Christopher Cesen.csproj", "{87F5B433-206B-4B43-BCF7-7143159F61E1}"
EndProject
Global
	GlobalSection(SolutionConfigurationPlatforms) = preSolution
		Debug|Any CPU = Debug|Any CPU
		Release|Any CPU = Release|Any CPU
	EndGlobalSection
	GlobalSection(ProjectConfigurationPlatforms) = postSolution
		{87F5B433-206B-4B43-BCF7-7143159F61E1}.Debug|Any CPU.ActiveCfg = Debug|Any CPU
		{87F5B433-206B-4B43-BCF7-7143159F61E1}.Debug|Any CPU.Build.0 = Debug|Any CPU
		{87F5B433-206B-4B43-BCF7-7143159F61E1}.Release|Any CPU.ActiveCfg = Release|Any CPU
		{87F5B433-206B-4B43-BCF7-7143159F61E1}.Release|Any CPU.Build.0 = Release|Any CPU
	EndGlobalSection
	GlobalSection(SolutionProperties) = preSolution
		HideSolutionNode = FALSE
	EndGlobalSection
	GlobalSection(ExtensibilityGlobals) = postSolution
		SolutionGuid = {45569B8C-D952-4079-AA07-71BED5BCA6B6}
	EndGlobalSection
EndGlobal
